// !$*UTF8*$!
{
	archiveVersion = 1;
	classes = {
	};
	objectVersion = 50;
	objects = {

/* Begin PBXBuildFile section */
		B5AE11A02676F5D300DFA472 /* AppDelegate.swift in Sources */ = {isa = PBXBuildFile; fileRef = B5AE119F2676F5D300DFA472 /* AppDelegate.swift */; };
		B5AE11A22676F5D300DFA472 /* SceneDelegate.swift in Sources */ = {isa = PBXBuildFile; fileRef = B5AE11A12676F5D300DFA472 /* SceneDelegate.swift */; };
		B5AE11A42676F5D300DFA472 /* ViewController.swift in Sources */ = {isa = PBXBuildFile; fileRef = B5AE11A32676F5D300DFA472 /* ViewController.swift */; };
		B5AE11A72676F5D300DFA472 /* Main.storyboard in Resources */ = {isa = PBXBuildFile; fileRef = B5AE11A52676F5D300DFA472 /* Main.storyboard */; };
		B5AE11A92676F5D700DFA472 /* Assets.xcassets in Resources */ = {isa = PBXBuildFile; fileRef = B5AE11A82676F5D700DFA472 /* Assets.xcassets */; };
		B5AE11AC2676F5D700DFA472 /* LaunchScreen.storyboard in Resources */ = {isa = PBXBuildFile; fileRef = B5AE11AA2676F5D700DFA472 /* LaunchScreen.storyboard */; };
		B5AE11B72676F5D700DFA472 /* RecipesTests.swift in Sources */ = {isa = PBXBuildFile; fileRef = B5AE11B62676F5D700DFA472 /* RecipesTests.swift */; };
		B5AE11C22676F5D800DFA472 /* RecipesUITests.swift in Sources */ = {isa = PBXBuildFile; fileRef = B5AE11C12676F5D800DFA472 /* RecipesUITests.swift */; };
/* End PBXBuildFile section */

/* Begin PBXContainerItemProxy section */
		B5AE11B32676F5D700DFA472 /* PBXContainerItemProxy */ = {
			isa = PBXContainerItemProxy;
			containerPortal = B5AE11942676F5D300DFA472 /* Project object */;
			proxyType = 1;
			remoteGlobalIDString = B5AE119B2676F5D300DFA472;
			remoteInfo = Recipes;
		};
		B5AE11BE2676F5D800DFA472 /* PBXContainerItemProxy */ = {
			isa = PBXContainerItemProxy;
			containerPortal = B5AE11942676F5D300DFA472 /* Project object */;
			proxyType = 1;
			remoteGlobalIDString = B5AE119B2676F5D300DFA472;
			remoteInfo = Recipes;
		};
/* End PBXContainerItemProxy section */

/* Begin PBXFileReference section */
		B5AE119C2676F5D300DFA472 /* Recipes.app */ = {isa = PBXFileReference; explicitFileType = wrapper.application; includeInIndex = 0; path = Recipes.app; sourceTree = BUILT_PRODUCTS_DIR; };
		B5AE119F2676F5D300DFA472 /* AppDelegate.swift */ = {isa = PBXFileReference; lastKnownFileType = sourcecode.swift; path = AppDelegate.swift; sourceTree = "<group>"; };
		B5AE11A12676F5D300DFA472 /* SceneDelegate.swift */ = {isa = PBXFileReference; lastKnownFileType = sourcecode.swift; path = SceneDelegate.swift; sourceTree = "<group>"; };
		B5AE11A32676F5D300DFA472 /* ViewController.swift */ = {isa = PBXFileReference; lastKnownFileType = sourcecode.swift; path = ViewController.swift; sourceTree = "<group>"; };
		B5AE11A62676F5D300DFA472 /* Base */ = {isa = PBXFileReference; lastKnownFileType = file.storyboard; name = Base; path = Base.lproj/Main.storyboard; sourceTree = "<group>"; };
		B5AE11A82676F5D700DFA472 /* Assets.xcassets */ = {isa = PBXFileReference; lastKnownFileType = folder.assetcatalog; path = Assets.xcassets; sourceTree = "<group>"; };
		B5AE11AB2676F5D700DFA472 /* Base */ = {isa = PBXFileReference; lastKnownFileType = file.storyboard; name = Base; path = Base.lproj/LaunchScreen.storyboard; sourceTree = "<group>"; };
		B5AE11AD2676F5D700DFA472 /* Info.plist */ = {isa = PBXFileReference; lastKnownFileType = text.plist.xml; path = Info.plist; sourceTree = "<group>"; };
		B5AE11B22676F5D700DFA472 /* RecipesTests.xctest */ = {isa = PBXFileReference; explicitFileType = wrapper.cfbundle; includeInIndex = 0; path = RecipesTests.xctest; sourceTree = BUILT_PRODUCTS_DIR; };
		B5AE11B62676F5D700DFA472 /* RecipesTests.swift */ = {isa = PBXFileReference; lastKnownFileType = sourcecode.swift; path = RecipesTests.swift; sourceTree = "<group>"; };
		B5AE11B82676F5D700DFA472 /* Info.plist */ = {isa = PBXFileReference; lastKnownFileType = text.plist.xml; path = Info.plist; sourceTree = "<group>"; };
		B5AE11BD2676F5D800DFA472 /* RecipesUITests.xctest */ = {isa = PBXFileReference; explicitFileType = wrapper.cfbundle; includeInIndex = 0; path = RecipesUITests.xctest; sourceTree = BUILT_PRODUCTS_DIR; };
		B5AE11C12676F5D800DFA472 /* RecipesUITests.swift */ = {isa = PBXFileReference; lastKnownFileType = sourcecode.swift; path = RecipesUITests.swift; sourceTree = "<group>"; };
		B5AE11C32676F5D800DFA472 /* Info.plist */ = {isa = PBXFileReference; lastKnownFileType = text.plist.xml; path = Info.plist; sourceTree = "<group>"; };
/* End PBXFileReference section */

/* Begin PBXFrameworksBuildPhase section */
		B5AE11992676F5D300DFA472 /* Frameworks */ = {
			isa = PBXFrameworksBuildPhase;
			buildActionMask = 2147483647;
			files = (
			);
			runOnlyForDeploymentPostprocessing = 0;
		};
		B5AE11AF2676F5D700DFA472 /* Frameworks */ = {
			isa = PBXFrameworksBuildPhase;
			buildActionMask = 2147483647;
			files = (
			);
			runOnlyForDeploymentPostprocessing = 0;
		};
		B5AE11BA2676F5D700DFA472 /* Frameworks */ = {
			isa = PBXFrameworksBuildPhase;
			buildActionMask = 2147483647;
			files = (
			);
			runOnlyForDeploymentPostprocessing = 0;
		};
/* End PBXFrameworksBuildPhase section */

/* Begin PBXGroup section */
		B5AE11932676F5D300DFA472 = {
			isa = PBXGroup;
			children = (
				B5AE119E2676F5D300DFA472 /* Recipes */,
				B5AE11B52676F5D700DFA472 /* RecipesTests */,
				B5AE11C02676F5D800DFA472 /* RecipesUITests */,
				B5AE119D2676F5D300DFA472 /* Products */,
			);
			sourceTree = "<group>";
		};
		B5AE119D2676F5D300DFA472 /* Products */ = {
			isa = PBXGroup;
			children = (
				B5AE119C2676F5D300DFA472 /* Recipes.app */,
				B5AE11B22676F5D700DFA472 /* RecipesTests.xctest */,
				B5AE11BD2676F5D800DFA472 /* RecipesUITests.xctest */,
			);
			name = Products;
			sourceTree = "<group>";
		};
		B5AE119E2676F5D300DFA472 /* Recipes */ = {
			isa = PBXGroup;
			children = (
				B5AE119F2676F5D300DFA472 /* AppDelegate.swift */,
				B5AE11A12676F5D300DFA472 /* SceneDelegate.swift */,
				B5AE11A32676F5D300DFA472 /* ViewController.swift */,
				B5AE11A52676F5D300DFA472 /* Main.storyboard */,
				B5AE11A82676F5D700DFA472 /* Assets.xcassets */,
				B5AE11AA2676F5D700DFA472 /* LaunchScreen.storyboard */,
				B5AE11AD2676F5D700DFA472 /* Info.plist */,
			);
			path = Recipes;
			sourceTree = "<group>";
		};
		B5AE11B52676F5D700DFA472 /* RecipesTests */ = {
			isa = PBXGroup;
			children = (
				B5AE11B62676F5D700DFA472 /* RecipesTests.swift */,
				B5AE11B82676F5D700DFA472 /* Info.plist */,
			);
			path = RecipesTests;
			sourceTree = "<group>";
		};
		B5AE11C02676F5D800DFA472 /* RecipesUITests */ = {
			isa = PBXGroup;
			children = (
				B5AE11C12676F5D800DFA472 /* RecipesUITests.swift */,
				B5AE11C32676F5D800DFA472 /* Info.plist */,
			);
			path = RecipesUITests;
			sourceTree = "<group>";
		};
/* End PBXGroup section */

/* Begin PBXNativeTarget section */
		B5AE119B2676F5D300DFA472 /* Recipes */ = {
			isa = PBXNativeTarget;
			buildConfigurationList = B5AE11C62676F5D800DFA472 /* Build configuration list for PBXNativeTarget "Recipes" */;
			buildPhases = (
				B5AE11982676F5D300DFA472 /* Sources */,
				B5AE11992676F5D300DFA472 /* Frameworks */,
				B5AE119A2676F5D300DFA472 /* Resources */,
			);
			buildRules = (
			);
			dependencies = (
			);
			name = Recipes;
			productName = Recipes;
			productReference = B5AE119C2676F5D300DFA472 /* Recipes.app */;
			productType = "com.apple.product-type.application";
		};
		B5AE11B12676F5D700DFA472 /* RecipesTests */ = {
			isa = PBXNativeTarget;
			buildConfigurationList = B5AE11C92676F5D800DFA472 /* Build configuration list for PBXNativeTarget "RecipesTests" */;
			buildPhases = (
				B5AE11AE2676F5D700DFA472 /* Sources */,
				B5AE11AF2676F5D700DFA472 /* Frameworks */,
				B5AE11B02676F5D700DFA472 /* Resources */,
			);
			buildRules = (
			);
			dependencies = (
				B5AE11B42676F5D700DFA472 /* PBXTargetDependency */,
			);
			name = RecipesTests;
			productName = RecipesTests;
			productReference = B5AE11B22676F5D700DFA472 /* RecipesTests.xctest */;
			productType = "com.apple.product-type.bundle.unit-test";
		};
		B5AE11BC2676F5D700DFA472 /* RecipesUITests */ = {
			isa = PBXNativeTarget;
			buildConfigurationList = B5AE11CC2676F5D800DFA472 /* Build configuration list for PBXNativeTarget "RecipesUITests" */;
			buildPhases = (
				B5AE11B92676F5D700DFA472 /* Sources */,
				B5AE11BA2676F5D700DFA472 /* Frameworks */,
				B5AE11BB2676F5D700DFA472 /* Resources */,
			);
			buildRules = (
			);
			dependencies = (
				B5AE11BF2676F5D800DFA472 /* PBXTargetDependency */,
			);
			name = RecipesUITests;
			productName = RecipesUITests;
			productReference = B5AE11BD2676F5D800DFA472 /* RecipesUITests.xctest */;
			productType = "com.apple.product-type.bundle.ui-testing";
		};
/* End PBXNativeTarget section */

/* Begin PBXProject section */
		B5AE11942676F5D300DFA472 /* Project object */ = {
			isa = PBXProject;
			attributes = {
				LastSwiftUpdateCheck = 1200;
				LastUpgradeCheck = 1200;
				TargetAttributes = {
					B5AE119B2676F5D300DFA472 = {
						CreatedOnToolsVersion = 12.0.1;
					};
					B5AE11B12676F5D700DFA472 = {
						CreatedOnToolsVersion = 12.0.1;
						TestTargetID = B5AE119B2676F5D300DFA472;
					};
					B5AE11BC2676F5D700DFA472 = {
						CreatedOnToolsVersion = 12.0.1;
						TestTargetID = B5AE119B2676F5D300DFA472;
					};
				};
			};
			buildConfigurationList = B5AE11972676F5D300DFA472 /* Build configuration list for PBXProject "Recipes" */;
			compatibilityVersion = "Xcode 9.3";
			developmentRegion = en;
			hasScannedForEncodings = 0;
			knownRegions = (
				en,
				Base,
			);
			mainGroup = B5AE11932676F5D300DFA472;
			productRefGroup = B5AE119D2676F5D300DFA472 /* Products */;
			projectDirPath = "";
			projectRoot = "";
			targets = (
				B5AE119B2676F5D300DFA472 /* Recipes */,
				B5AE11B12676F5D700DFA472 /* RecipesTests */,
				B5AE11BC2676F5D700DFA472 /* RecipesUITests */,
			);
		};
/* End PBXProject section */

/* Begin PBXResourcesBuildPhase section */
		B5AE119A2676F5D300DFA472 /* Resources */ = {
			isa = PBXResourcesBuildPhase;
			buildActionMask = 2147483647;
			files = (
				B5AE11AC2676F5D700DFA472 /* LaunchScreen.storyboard in Resources */,
				B5AE11A92676F5D700DFA472 /* Assets.xcassets in Resources */,
				B5AE11A72676F5D300DFA472 /* Main.storyboard in Resources */,
			);
			runOnlyForDeploymentPostprocessing = 0;
		};
		B5AE11B02676F5D700DFA472 /* Resources */ = {
			isa = PBXResourcesBuildPhase;
			buildActionMask = 2147483647;
			files = (
			);
			runOnlyForDeploymentPostprocessing = 0;
		};
		B5AE11BB2676F5D700DFA472 /* Resources */ = {
			isa = PBXResourcesBuildPhase;
			buildActionMask = 2147483647;
			files = (
			);
			runOnlyForDeploymentPostprocessing = 0;
		};
/* End PBXResourcesBuildPhase section */

/* Begin PBXSourcesBuildPhase section */
		B5AE11982676F5D300DFA472 /* Sources */ = {
			isa = PBXSourcesBuildPhase;
			buildActionMask = 2147483647;
			files = (
				B5AE11A42676F5D300DFA472 /* ViewController.swift in Sources */,
				B5AE11A02676F5D300DFA472 /* AppDelegate.swift in Sources */,
				B5AE11A22676F5D300DFA472 /* SceneDelegate.swift in Sources */,
			);
			runOnlyForDeploymentPostprocessing = 0;
		};
		B5AE11AE2676F5D700DFA472 /* Sources */ = {
			isa = PBXSourcesBuildPhase;
			buildActionMask = 2147483647;
			files = (
				B5AE11B72676F5D700DFA472 /* RecipesTests.swift in Sources */,
			);
			runOnlyForDeploymentPostprocessing = 0;
		};
		B5AE11B92676F5D700DFA472 /* Sources */ = {
			isa = PBXSourcesBuildPhase;
			buildActionMask = 2147483647;
			files = (
				B5AE11C22676F5D800DFA472 /* RecipesUITests.swift in Sources */,
			);
			runOnlyForDeploymentPostprocessing = 0;
		};
/* End PBXSourcesBuildPhase section */

/* Begin PBXTargetDependency section */
		B5AE11B42676F5D700DFA472 /* PBXTargetDependency */ = {
			isa = PBXTargetDependency;
			target = B5AE119B2676F5D300DFA472 /* Recipes */;
			targetProxy = B5AE11B32676F5D700DFA472 /* PBXContainerItemProxy */;
		};
		B5AE11BF2676F5D800DFA472 /* PBXTargetDependency */ = {
			isa = PBXTargetDependency;
			target = B5AE119B2676F5D300DFA472 /* Recipes */;
			targetProxy = B5AE11BE2676F5D800DFA472 /* PBXContainerItemProxy */;
		};
/* End PBXTargetDependency section */

/* Begin PBXVariantGroup section */
		B5AE11A52676F5D300DFA472 /* Main.storyboard */ = {
			isa = PBXVariantGroup;
			children = (
				B5AE11A62676F5D300DFA472 /* Base */,
			);
			name = Main.storyboard;
			sourceTree = "<group>";
		};
		B5AE11AA2676F5D700DFA472 /* LaunchScreen.storyboard */ = {
			isa = PBXVariantGroup;
			children = (
				B5AE11AB2676F5D700DFA472 /* Base */,
			);
			name = LaunchScreen.storyboard;
			sourceTree = "<group>";
		};
/* End PBXVariantGroup section */

/* Begin XCBuildConfiguration section */
		B5AE11C42676F5D800DFA472 /* Debug */ = {
			isa = XCBuildConfiguration;
			buildSettings = {
				ALWAYS_SEARCH_USER_PATHS = NO;
				CLANG_ANALYZER_NONNULL = YES;
				CLANG_ANALYZER_NUMBER_OBJECT_CONVERSION = YES_AGGRESSIVE;
				CLANG_CXX_LANGUAGE_STANDARD = "gnu++14";
				CLANG_CXX_LIBRARY = "libc++";
				CLANG_ENABLE_MODULES = YES;
				CLANG_ENABLE_OBJC_ARC = YES;
				CLANG_ENABLE_OBJC_WEAK = YES;
				CLANG_WARN_BLOCK_CAPTURE_AUTORELEASING = YES;
				CLANG_WARN_BOOL_CONVERSION = YES;
				CLANG_WARN_COMMA = YES;
				CLANG_WARN_CONSTANT_CONVERSION = YES;
				CLANG_WARN_DEPRECATED_OBJC_IMPLEMENTATIONS = YES;
				CLANG_WARN_DIRECT_OBJC_ISA_USAGE = YES_ERROR;
				CLANG_WARN_DOCUMENTATION_COMMENTS = YES;
				CLANG_WARN_EMPTY_BODY = YES;
				CLANG_WARN_ENUM_CONVERSION = YES;
				CLANG_WARN_INFINITE_RECURSION = YES;
				CLANG_WARN_INT_CONVERSION = YES;
				CLANG_WARN_NON_LITERAL_NULL_CONVERSION = YES;
				CLANG_WARN_OBJC_IMPLICIT_RETAIN_SELF = YES;
				CLANG_WARN_OBJC_LITERAL_CONVERSION = YES;
				CLANG_WARN_OBJC_ROOT_CLASS = YES_ERROR;
				CLANG_WARN_QUOTED_INCLUDE_IN_FRAMEWORK_HEADER = YES;
				CLANG_WARN_RANGE_LOOP_ANALYSIS = YES;
				CLANG_WARN_STRICT_PROTOTYPES = YES;
				CLANG_WARN_SUSPICIOUS_MOVE = YES;
				CLANG_WARN_UNGUARDED_AVAILABILITY = YES_AGGRESSIVE;
				CLANG_WARN_UNREACHABLE_CODE = YES;
				CLANG_WARN__DUPLICATE_METHOD_MATCH = YES;
				COPY_PHASE_STRIP = NO;
				DEBUG_INFORMATION_FORMAT = dwarf;
				ENABLE_STRICT_OBJC_MSGSEND = YES;
				ENABLE_TESTABILITY = YES;
				GCC_C_LANGUAGE_STANDARD = gnu11;
				GCC_DYNAMIC_NO_PIC = NO;
				GCC_NO_COMMON_BLOCKS = YES;
				GCC_OPTIMIZATION_LEVEL = 0;
				GCC_PREPROCESSOR_DEFINITIONS = (
					"DEBUG=1",
					"$(inherited)",
				);
				GCC_WARN_64_TO_32_BIT_CONVERSION = YES;
				GCC_WARN_ABOUT_RETURN_TYPE = YES_ERROR;
				GCC_WARN_UNDECLARED_SELECTOR = YES;
				GCC_WARN_UNINITIALIZED_AUTOS = YES_AGGRESSIVE;
				GCC_WARN_UNUSED_FUNCTION = YES;
				GCC_WARN_UNUSED_VARIABLE = YES;
				IPHONEOS_DEPLOYMENT_TARGET = 14.0;
				MTL_ENABLE_DEBUG_INFO = INCLUDE_SOURCE;
				MTL_FAST_MATH = YES;
				ONLY_ACTIVE_ARCH = YES;
				SDKROOT = iphoneos;
				SWIFT_ACTIVE_COMPILATION_CONDITIONS = DEBUG;
				SWIFT_OPTIMIZATION_LEVEL = "-Onone";
			};
			name = Debug;
		};
		B5AE11C52676F5D800DFA472 /* Release */ = {
			isa = XCBuildConfiguration;
			buildSettings = {
				ALWAYS_SEARCH_USER_PATHS = NO;
				CLANG_ANALYZER_NONNULL = YES;
				CLANG_ANALYZER_NUMBER_OBJECT_CONVERSION = YES_AGGRESSIVE;
				CLANG_CXX_LANGUAGE_STANDARD = "gnu++14";
				CLANG_CXX_LIBRARY = "libc++";
				CLANG_ENABLE_MODULES = YES;
				CLANG_ENABLE_OBJC_ARC = YES;
				CLANG_ENABLE_OBJC_WEAK = YES;
				CLANG_WARN_BLOCK_CAPTURE_AUTORELEASING = YES;
				CLANG_WARN_BOOL_CONVERSION = YES;
				CLANG_WARN_COMMA = YES;
				CLANG_WARN_CONSTANT_CONVERSION = YES;
				CLANG_WARN_DEPRECATED_OBJC_IMPLEMENTATIONS = YES;
				CLANG_WARN_DIRECT_OBJC_ISA_USAGE = YES_ERROR;
				CLANG_WARN_DOCUMENTATION_COMMENTS = YES;
				CLANG_WARN_EMPTY_BODY = YES;
				CLANG_WARN_ENUM_CONVERSION = YES;
				CLANG_WARN_INFINITE_RECURSION = YES;
				CLANG_WARN_INT_CONVERSION = YES;
				CLANG_WARN_NON_LITERAL_NULL_CONVERSION = YES;
				CLANG_WARN_OBJC_IMPLICIT_RETAIN_SELF = YES;
				CLANG_WARN_OBJC_LITERAL_CONVERSION = YES;
				CLANG_WARN_OBJC_ROOT_CLASS = YES_ERROR;
				CLANG_WARN_QUOTED_INCLUDE_IN_FRAMEWORK_HEADER = YES;
				CLANG_WARN_RANGE_LOOP_ANALYSIS = YES;
				CLANG_WARN_STRICT_PROTOTYPES = YES;
				CLANG_WARN_SUSPICIOUS_MOVE = YES;
				CLANG_WARN_UNGUARDED_AVAILABILITY = YES_AGGRESSIVE;
				CLANG_WARN_UNREACHABLE_CODE = YES;
				CLANG_WARN__DUPLICATE_METHOD_MATCH = YES;
				COPY_PHASE_STRIP = NO;
				DEBUG_INFORMATION_FORMAT = "dwarf-with-dsym";
				ENABLE_NS_ASSERTIONS = NO;
				ENABLE_STRICT_OBJC_MSGSEND = YES;
				GCC_C_LANGUAGE_STANDARD = gnu11;
				GCC_NO_COMMON_BLOCKS = YES;
				GCC_WARN_64_TO_32_BIT_CONVERSION = YES;
				GCC_WARN_ABOUT_RETURN_TYPE = YES_ERROR;
				GCC_WARN_UNDECLARED_SELECTOR = YES;
				GCC_WARN_UNINITIALIZED_AUTOS = YES_AGGRESSIVE;
				GCC_WARN_UNUSED_FUNCTION = YES;
				GCC_WARN_UNUSED_VARIABLE = YES;
				IPHONEOS_DEPLOYMENT_TARGET = 14.0;
				MTL_ENABLE_DEBUG_INFO = NO;
				MTL_FAST_MATH = YES;
				SDKROOT = iphoneos;
				SWIFT_COMPILATION_MODE = wholemodule;
				SWIFT_OPTIMIZATION_LEVEL = "-O";
				VALIDATE_PRODUCT = YES;
			};
			name = Release;
		};
		B5AE11C72676F5D800DFA472 /* Debug */ = {
			isa = XCBuildConfiguration;
			buildSettings = {
				ASSETCATALOG_COMPILER_APPICON_NAME = AppIcon;
				ASSETCATALOG_COMPILER_GLOBAL_ACCENT_COLOR_NAME = AccentColor;
				CODE_SIGN_STYLE = Automatic;
				DEVELOPMENT_TEAM = GZ4NYBNN3D;
				INFOPLIST_FILE = Recipes/Info.plist;
				LD_RUNPATH_SEARCH_PATHS = (
					"$(inherited)",
					"@executable_path/Frameworks",
				);
				PRODUCT_BUNDLE_IDENTIFIER = Amna.Recipes;
				PRODUCT_NAME = "$(TARGET_NAME)";
				SWIFT_VERSION = 5.0;
				TARGETED_DEVICE_FAMILY = "1,2";
			};
			name = Debug;
		};
		B5AE11C82676F5D800DFA472 /* Release */ = {
			isa = XCBuildConfiguration;
			buildSettings = {
				ASSETCATALOG_COMPILER_APPICON_NAME = AppIcon;
				ASSETCATALOG_COMPILER_GLOBAL_ACCENT_COLOR_NAME = AccentColor;
				CODE_SIGN_STYLE = Automatic;
				DEVELOPMENT_TEAM = GZ4NYBNN3D;
				INFOPLIST_FILE = Recipes/Info.plist;
				LD_RUNPATH_SEARCH_PATHS = (
					"$(inherited)",
					"@executable_path/Frameworks",
				);
				PRODUCT_BUNDLE_IDENTIFIER = Amna.Recipes;
				PRODUCT_NAME = "$(TARGET_NAME)";
				SWIFT_VERSION = 5.0;
				TARGETED_DEVICE_FAMILY = "1,2";
			};
			name = Release;
		};
		B5AE11CA2676F5D800DFA472 /* Debug */ = {
			isa = XCBuildConfiguration;
			buildSettings = {
				ALWAYS_EMBED_SWIFT_STANDARD_LIBRARIES = YES;
				BUNDLE_LOADER = "$(TEST_HOST)";
				CODE_SIGN_STYLE = Automatic;
				DEVELOPMENT_TEAM = GZ4NYBNN3D;
				INFOPLIST_FILE = RecipesTests/Info.plist;
				IPHONEOS_DEPLOYMENT_TARGET = 14.0;
				LD_RUNPATH_SEARCH_PATHS = (
					"$(inherited)",
					"@executable_path/Frameworks",
					"@loader_path/Frameworks",
				);
				PRODUCT_BUNDLE_IDENTIFIER = Amna.RecipesTests;
				PRODUCT_NAME = "$(TARGET_NAME)";
				SWIFT_VERSION = 5.0;
				TARGETED_DEVICE_FAMILY = "1,2";
				TEST_HOST = "$(BUILT_PRODUCTS_DIR)/Recipes.app/Recipes";
			};
			name = Debug;
		};
		B5AE11CB2676F5D800DFA472 /* Release */ = {
			isa = XCBuildConfiguration;
			buildSettings = {
				ALWAYS_EMBED_SWIFT_STANDARD_LIBRARIES = YES;
				BUNDLE_LOADER = "$(TEST_HOST)";
				CODE_SIGN_STYLE = Automatic;
				DEVELOPMENT_TEAM = GZ4NYBNN3D;
				INFOPLIST_FILE = RecipesTests/Info.plist;
				IPHONEOS_DEPLOYMENT_TARGET = 14.0;
				LD_RUNPATH_SEARCH_PATHS = (
					"$(inherited)",
					"@executable_path/Frameworks",
					"@loader_path/Frameworks",
				);
				PRODUCT_BUNDLE_IDENTIFIER = Amna.RecipesTests;
				PRODUCT_NAME = "$(TARGET_NAME)";
				SWIFT_VERSION = 5.0;
				TARGETED_DEVICE_FAMILY = "1,2";
				TEST_HOST = "$(BUILT_PRODUCTS_DIR)/Recipes.app/Recipes";
			};
			name = Release;
		};
		B5AE11CD2676F5D800DFA472 /* Debug */ = {
			isa = XCBuildConfiguration;
			buildSettings = {
				ALWAYS_EMBED_SWIFT_STANDARD_LIBRARIES = YES;
				CODE_SIGN_STYLE = Automatic;
				DEVELOPMENT_TEAM = GZ4NYBNN3D;
				INFOPLIST_FILE = RecipesUITests/Info.plist;
				LD_RUNPATH_SEARCH_PATHS = (
					"$(inherited)",
					"@executable_path/Frameworks",
					"@loader_path/Frameworks",
				);
				PRODUCT_BUNDLE_IDENTIFIER = Amna.RecipesUITests;
				PRODUCT_NAME = "$(TARGET_NAME)";
				SWIFT_VERSION = 5.0;
				TARGETED_DEVICE_FAMILY = "1,2";
				TEST_TARGET_NAME = Recipes;
			};
			name = Debug;
		};
		B5AE11CE2676F5D800DFA472 /* Release */ = {
			isa = XCBuildConfiguration;
			buildSettings = {
				ALWAYS_EMBED_SWIFT_STANDARD_LIBRARIES = YES;
				CODE_SIGN_STYLE = Automatic;
				DEVELOPMENT_TEAM = GZ4NYBNN3D;
				INFOPLIST_FILE = RecipesUITests/Info.plist;
				LD_RUNPATH_SEARCH_PATHS = (
					"$(inherited)",
					"@executable_path/Frameworks",
					"@loader_path/Frameworks",
				);
				PRODUCT_BUNDLE_IDENTIFIER = Amna.RecipesUITests;
				PRODUCT_NAME = "$(TARGET_NAME)";
				SWIFT_VERSION = 5.0;
				TARGETED_DEVICE_FAMILY = "1,2";
				TEST_TARGET_NAME = Recipes;
			};
			name = Release;
		};
/* End XCBuildConfiguration section */

/* Begin XCConfigurationList section */
		B5AE11972676F5D300DFA472 /* Build configuration list for PBXProject "Recipes" */ = {
			isa = XCConfigurationList;
			buildConfigurations = (
				B5AE11C42676F5D800DFA472 /* Debug */,
				B5AE11C52676F5D800DFA472 /* Release */,
			);
			defaultConfigurationIsVisible = 0;
			defaultConfigurationName = Release;
		};
		B5AE11C62676F5D800DFA472 /* Build configuration list for PBXNativeTarget "Recipes" */ = {
			isa = XCConfigurationList;
			buildConfigurations = (
				B5AE11C72676F5D800DFA472 /* Debug */,
				B5AE11C82676F5D800DFA472 /* Release */,
			);
			defaultConfigurationIsVisible = 0;
			defaultConfigurationName = Release;
		};
		B5AE11C92676F5D800DFA472 /* Build configuration list for PBXNativeTarget "RecipesTests" */ = {
			isa = XCConfigurationList;
			buildConfigurations = (
				B5AE11CA2676F5D800DFA472 /* Debug */,
				B5AE11CB2676F5D800DFA472 /* Release */,
			);
			defaultConfigurationIsVisible = 0;
			defaultConfigurationName = Release;
		};
		B5AE11CC2676F5D800DFA472 /* Build configuration list for PBXNativeTarget "RecipesUITests" */ = {
			isa = XCConfigurationList;
			buildConfigurations = (
				B5AE11CD2676F5D800DFA472 /* Debug */,
				B5AE11CE2676F5D800DFA472 /* Release */,
			);
			defaultConfigurationIsVisible = 0;
			defaultConfigurationName = Release;
		};
/* End XCConfigurationList section */
	};
	rootObject = B5AE11942676F5D300DFA472 /* Project object */;
}
